
Microsoft Visual Studio Solution File, Format Version 12.00
# Visual Studio 15
VisualStudioVersion = 15.0.28307.779
MinimumVisualStudioVersion = 10.0.40219.1
Project("{8BC9CEB8-8B4A-11D0-8D11-00A0C91BC942}") = "1. linklist", "1.array\1.array.vcxproj", "{55D853B7-C3FF-4606-8DDC-FCB00C8C44B7}"
EndProject
Project("{8BC9CEB8-8B4A-11D0-8D11-00A0C91BC942}") = "2. array", "2.array\2.array.vcxproj", "{3F0B2176-AAE6-4330-981E-638BF160E116}"
EndProject
Project("{8BC9CEB8-8B4A-11D0-8D11-00A0C91BC942}") = "3.1 queue", "3.queue\3.queue.vcxproj", "{028A892F-65CE-4E45-839E-97B0FE147B87}"
EndProject
Project("{8BC9CEB8-8B4A-11D0-8D11-00A0C91BC942}") = "4.1 stack", "4.stack\4.stack.vcxproj", "{F62B4BE9-6C52-487E-8F63-7249185862E5}"
EndProject
Project("{8BC9CEB8-8B4A-11D0-8D11-00A0C91BC942}") = "5. tree", "tree\tree.vcxproj", "{B2EF2B48-5195-41F9-BB2B-1D55468F0C77}"
EndProject
Project("{8BC9CEB8-8B4A-11D0-8D11-00A0C91BC942}") = "6. graph", "6.graph\6.graph.vcxproj", "{B84390B4-194A-42EA-AEFE-E568616E6C66}"
EndProject
Project("{8BC9CEB8-8B4A-11D0-8D11-00A0C91BC942}") = "7. hash", "7.hash\7.hash.vcxproj", "{FEBC6F11-D4D4-49AC-A2B5-2201527EDB76}"
EndProject
Project("{8BC9CEB8-8B4A-11D0-8D11-00A0C91BC942}") = "3.2 queue", "3.2 queue\3.2 queue.vcxproj", "{87EE6938-6E60-4AC1-B0F9-F2775F39B56D}"
EndProject
Project("{8BC9CEB8-8B4A-11D0-8D11-00A0C91BC942}") = "4.2  stack", "4.2  stack\4.2  stack.vcxproj", "{8D350442-7768-409B-9D8F-F426CBD7D69B}"
EndProject
Project("{8BC9CEB8-8B4A-11D0-8D11-00A0C91BC942}") = "8. find", "8. find\8. find.vcxproj", "{133616E9-D2EA-43CA-B402-B86AD47DA834}"
EndProject
Project("{8BC9CEB8-8B4A-11D0-8D11-00A0C91BC942}") = "9.1 bubble_sort", "9. sort\9. sort.vcxproj", "{BCA2D3EF-1785-42F0-9D16-3CE9254E878F}"
EndProject
Project("{8BC9CEB8-8B4A-11D0-8D11-00A0C91BC942}") = "10. recursion", "10. recursion\10. recursion.vcxproj", "{6F4B2491-D7D2-4BA5-BC4F-D3F83B28AA3A}"
EndProject
Project("{8BC9CEB8-8B4A-11D0-8D11-00A0C91BC942}") = "9.2 quicksort", "9.2 quicksort\9.2 quicksort.vcxproj", "{D6822623-40B5-48B7-B8A0-308D5D6C4EC1}"
EndProject
Global
	GlobalSection(SolutionConfigurationPlatforms) = preSolution
		Debug|x64 = Debug|x64
		Debug|x86 = Debug|x86
		Release|x64 = Release|x64
		Release|x86 = Release|x86
	EndGlobalSection
	GlobalSection(ProjectConfigurationPlatforms) = postSolution
		{55D853B7-C3FF-4606-8DDC-FCB00C8C44B7}.Debug|x64.ActiveCfg = Debug|x64
		{55D853B7-C3FF-4606-8DDC-FCB00C8C44B7}.Debug|x64.Build.0 = Debug|x64
		{55D853B7-C3FF-4606-8DDC-FCB00C8C44B7}.Debug|x86.ActiveCfg = Debug|Win32
		{55D853B7-C3FF-4606-8DDC-FCB00C8C44B7}.Debug|x86.Build.0 = Debug|Win32
		{55D853B7-C3FF-4606-8DDC-FCB00C8C44B7}.Release|x64.ActiveCfg = Release|x64
		{55D853B7-C3FF-4606-8DDC-FCB00C8C44B7}.Release|x64.Build.0 = Release|x64
		{55D853B7-C3FF-4606-8DDC-FCB00C8C44B7}.Release|x86.ActiveCfg = Release|Win32
		{55D853B7-C3FF-4606-8DDC-FCB00C8C44B7}.Release|x86.Build.0 = Release|Win32
		{3F0B2176-AAE6-4330-981E-638BF160E116}.Debug|x64.ActiveCfg = Debug|x64
		{3F0B2176-AAE6-4330-981E-638BF160E116}.Debug|x64.Build.0 = Debug|x64
		{3F0B2176-AAE6-4330-981E-638BF160E116}.Debug|x86.ActiveCfg = Debug|Win32
		{3F0B2176-AAE6-4330-981E-638BF160E116}.Debug|x86.Build.0 = Debug|Win32
		{3F0B2176-AAE6-4330-981E-638BF160E116}.Release|x64.ActiveCfg = Release|x64
		{3F0B2176-AAE6-4330-981E-638BF160E116}.Release|x64.Build.0 = Release|x64
		{3F0B2176-AAE6-4330-981E-638BF160E116}.Release|x86.ActiveCfg = Release|Win32
		{3F0B2176-AAE6-4330-981E-638BF160E116}.Release|x86.Build.0 = Release|Win32
		{028A892F-65CE-4E45-839E-97B0FE147B87}.Debug|x64.ActiveCfg = Debug|x64
		{028A892F-65CE-4E45-839E-97B0FE147B87}.Debug|x64.Build.0 = Debug|x64
		{028A892F-65CE-4E45-839E-97B0FE147B87}.Debug|x86.ActiveCfg = Debug|Win32
		{028A892F-65CE-4E45-839E-97B0FE147B87}.Debug|x86.Build.0 = Debug|Win32
		{028A892F-65CE-4E45-839E-97B0FE147B87}.Release|x64.ActiveCfg = Release|x64
		{028A892F-65CE-4E45-839E-97B0FE147B87}.Release|x64.Build.0 = Release|x64
		{028A892F-65CE-4E45-839E-97B0FE147B87}.Release|x86.ActiveCfg = Release|Win32
		{028A892F-65CE-4E45-839E-97B0FE147B87}.Release|x86.Build.0 = Release|Win32
		{F62B4BE9-6C52-487E-8F63-7249185862E5}.Debug|x64.ActiveCfg = Debug|x64
		{F62B4BE9-6C52-487E-8F63-7249185862E5}.Debug|x64.Build.0 = Debug|x64
		{F62B4BE9-6C52-487E-8F63-7249185862E5}.Debug|x86.ActiveCfg = Debug|Win32
		{F62B4BE9-6C52-487E-8F63-7249185862E5}.Debug|x86.Build.0 = Debug|Win32
		{F62B4BE9-6C52-487E-8F63-7249185862E5}.Release|x64.ActiveCfg = Release|x64
		{F62B4BE9-6C52-487E-8F63-7249185862E5}.Release|x64.Build.0 = Release|x64
		{F62B4BE9-6C52-487E-8F63-7249185862E5}.Release|x86.ActiveCfg = Release|Win32
		{F62B4BE9-6C52-487E-8F63-7249185862E5}.Release|x86.Build.0 = Release|Win32
		{B2EF2B48-5195-41F9-BB2B-1D55468F0C77}.Debug|x64.ActiveCfg = Debug|x64
		{B2EF2B48-5195-41F9-BB2B-1D55468F0C77}.Debug|x64.Build.0 = Debug|x64
		{B2EF2B48-5195-41F9-BB2B-1D55468F0C77}.Debug|x86.ActiveCfg = Debug|Win32
		{B2EF2B48-5195-41F9-BB2B-1D55468F0C77}.Debug|x86.Build.0 = Debug|Win32
		{B2EF2B48-5195-41F9-BB2B-1D55468F0C77}.Release|x64.ActiveCfg = Release|x64
		{B2EF2B48-5195-41F9-BB2B-1D55468F0C77}.Release|x64.Build.0 = Release|x64
		{B2EF2B48-5195-41F9-BB2B-1D55468F0C77}.Release|x86.ActiveCfg = Release|Win32
		{B2EF2B48-5195-41F9-BB2B-1D55468F0C77}.Release|x86.Build.0 = Release|Win32
		{B84390B4-194A-42EA-AEFE-E568616E6C66}.Debug|x64.ActiveCfg = Debug|x64
		{B84390B4-194A-42EA-AEFE-E568616E6C66}.Debug|x64.Build.0 = Debug|x64
		{B84390B4-194A-42EA-AEFE-E568616E6C66}.Debug|x86.ActiveCfg = Debug|Win32
		{B84390B4-194A-42EA-AEFE-E568616E6C66}.Debug|x86.Build.0 = Debug|Win32
		{B84390B4-194A-42EA-AEFE-E568616E6C66}.Release|x64.ActiveCfg = Release|x64
		{B84390B4-194A-42EA-AEFE-E568616E6C66}.Release|x64.Build.0 = Release|x64
		{B84390B4-194A-42EA-AEFE-E568616E6C66}.Release|x86.ActiveCfg = Release|Win32
		{B84390B4-194A-42EA-AEFE-E568616E6C66}.Release|x86.Build.0 = Release|Win32
		{FEBC6F11-D4D4-49AC-A2B5-2201527EDB76}.Debug|x64.ActiveCfg = Debug|x64
		{FEBC6F11-D4D4-49AC-A2B5-2201527EDB76}.Debug|x64.Build.0 = Debug|x64
		{FEBC6F11-D4D4-49AC-A2B5-2201527EDB76}.Debug|x86.ActiveCfg = Debug|Win32
		{FEBC6F11-D4D4-49AC-A2B5-2201527EDB76}.Debug|x86.Build.0 = Debug|Win32
		{FEBC6F11-D4D4-49AC-A2B5-2201527EDB76}.Release|x64.ActiveCfg = Release|x64
		{FEBC6F11-D4D4-49AC-A2B5-2201527EDB76}.Release|x64.Build.0 = Release|x64
		{FEBC6F11-D4D4-49AC-A2B5-2201527EDB76}.Release|x86.ActiveCfg = Release|Win32
		{FEBC6F11-D4D4-49AC-A2B5-2201527EDB76}.Release|x86.Build.0 = Release|Win32
		{87EE6938-6E60-4AC1-B0F9-F2775F39B56D}.Debug|x64.ActiveCfg = Debug|x64
		{87EE6938-6E60-4AC1-B0F9-F2775F39B56D}.Debug|x64.Build.0 = Debug|x64
		{87EE6938-6E60-4AC1-B0F9-F2775F39B56D}.Debug|x86.ActiveCfg = Debug|Win32
		{87EE6938-6E60-4AC1-B0F9-F2775F39B56D}.Debug|x86.Build.0 = Debug|Win32
		{87EE6938-6E60-4AC1-B0F9-F2775F39B56D}.Release|x64.ActiveCfg = Release|x64
		{87EE6938-6E60-4AC1-B0F9-F2775F39B56D}.Release|x64.Build.0 = Release|x64
		{87EE6938-6E60-4AC1-B0F9-F2775F39B56D}.Release|x86.ActiveCfg = Release|Win32
		{87EE6938-6E60-4AC1-B0F9-F2775F39B56D}.Release|x86.Build.0 = Release|Win32
		{8D350442-7768-409B-9D8F-F426CBD7D69B}.Debug|x64.ActiveCfg = Debug|x64
		{8D350442-7768-409B-9D8F-F426CBD7D69B}.Debug|x64.Build.0 = Debug|x64
		{8D350442-7768-409B-9D8F-F426CBD7D69B}.Debug|x86.ActiveCfg = Debug|Win32
		{8D350442-7768-409B-9D8F-F426CBD7D69B}.Debug|x86.Build.0 = Debug|Win32
		{8D350442-7768-409B-9D8F-F426CBD7D69B}.Release|x64.ActiveCfg = Release|x64
		{8D350442-7768-409B-9D8F-F426CBD7D69B}.Release|x64.Build.0 = Release|x64
		{8D350442-7768-409B-9D8F-F426CBD7D69B}.Release|x86.ActiveCfg = Release|Win32
		{8D350442-7768-409B-9D8F-F426CBD7D69B}.Release|x86.Build.0 = Release|Win32
		{133616E9-D2EA-43CA-B402-B86AD47DA834}.Debug|x64.ActiveCfg = Debug|x64
		{133616E9-D2EA-43CA-B402-B86AD47DA834}.Debug|x64.Build.0 = Debug|x64
		{133616E9-D2EA-43CA-B402-B86AD47DA834}.Debug|x86.ActiveCfg = Debug|Win32
		{133616E9-D2EA-43CA-B402-B86AD47DA834}.Debug|x86.Build.0 = Debug|Win32
		{133616E9-D2EA-43CA-B402-B86AD47DA834}.Release|x64.ActiveCfg = Release|x64
		{133616E9-D2EA-43CA-B402-B86AD47DA834}.Release|x64.Build.0 = Release|x64
		{133616E9-D2EA-43CA-B402-B86AD47DA834}.Release|x86.ActiveCfg = Release|Win32
		{133616E9-D2EA-43CA-B402-B86AD47DA834}.Release|x86.Build.0 = Release|Win32
		{BCA2D3EF-1785-42F0-9D16-3CE9254E878F}.Debug|x64.ActiveCfg = Debug|x64
		{BCA2D3EF-1785-42F0-9D16-3CE9254E878F}.Debug|x64.Build.0 = Debug|x64
		{BCA2D3EF-1785-42F0-9D16-3CE9254E878F}.Debug|x86.ActiveCfg = Debug|Win32
		{BCA2D3EF-1785-42F0-9D16-3CE9254E878F}.Debug|x86.Build.0 = Debug|Win32
		{BCA2D3EF-1785-42F0-9D16-3CE9254E878F}.Release|x64.ActiveCfg = Release|x64
		{BCA2D3EF-1785-42F0-9D16-3CE9254E878F}.Release|x64.Build.0 = Release|x64
		{BCA2D3EF-1785-42F0-9D16-3CE9254E878F}.Release|x86.ActiveCfg = Release|Win32
		{BCA2D3EF-1785-42F0-9D16-3CE9254E878F}.Release|x86.Build.0 = Release|Win32
		{6F4B2491-D7D2-4BA5-BC4F-D3F83B28AA3A}.Debug|x64.ActiveCfg = Debug|x64
		{6F4B2491-D7D2-4BA5-BC4F-D3F83B28AA3A}.Debug|x64.Build.0 = Debug|x64
		{6F4B2491-D7D2-4BA5-BC4F-D3F83B28AA3A}.Debug|x86.ActiveCfg = Debug|Win32
		{6F4B2491-D7D2-4BA5-BC4F-D3F83B28AA3A}.Debug|x86.Build.0 = Debug|Win32
		{6F4B2491-D7D2-4BA5-BC4F-D3F83B28AA3A}.Release|x64.ActiveCfg = Release|x64
		{6F4B2491-D7D2-4BA5-BC4F-D3F83B28AA3A}.Release|x64.Build.0 = Release|x64
		{6F4B2491-D7D2-4BA5-BC4F-D3F83B28AA3A}.Release|x86.ActiveCfg = Release|Win32
		{6F4B2491-D7D2-4BA5-BC4F-D3F83B28AA3A}.Release|x86.Build.0 = Release|Win32
		{D6822623-40B5-48B7-B8A0-308D5D6C4EC1}.Debug|x64.ActiveCfg = Debug|x64
		{D6822623-40B5-48B7-B8A0-308D5D6C4EC1}.Debug|x64.Build.0 = Debug|x64
		{D6822623-40B5-48B7-B8A0-308D5D6C4EC1}.Debug|x86.ActiveCfg = Debug|Win32
		{D6822623-40B5-48B7-B8A0-308D5D6C4EC1}.Debug|x86.Build.0 = Debug|Win32
		{D6822623-40B5-48B7-B8A0-308D5D6C4EC1}.Release|x64.ActiveCfg = Release|x64
		{D6822623-40B5-48B7-B8A0-308D5D6C4EC1}.Release|x64.Build.0 = Release|x64
		{D6822623-40B5-48B7-B8A0-308D5D6C4EC1}.Release|x86.ActiveCfg = Release|Win32
		{D6822623-40B5-48B7-B8A0-308D5D6C4EC1}.Release|x86.Build.0 = Release|Win32
	EndGlobalSection
	GlobalSection(SolutionProperties) = preSolution
		HideSolutionNode = FALSE
	EndGlobalSection
	GlobalSection(ExtensibilityGlobals) = postSolution
		SolutionGuid = {3B3A005E-CDA9-4C8B-8588-99805EB2C1EE}
	EndGlobalSection
EndGlobal
